# THIS IS AN AUTOGENERATED FILE. DO NOT EDIT THIS FILE DIRECTLY.
# yarn lockfile v1


entities@^1.1.1:
  version "1.1.2"
  resolved "https://registry.yarnpkg.com/entities/-/entities-1.1.2.tgz#bdfa735299664dfafd34529ed4f8522a275fea56"
  integrity sha512-f2LZMYl1Fzu7YSBKg+RoROelpOaNrcGmE9AZubeDfrCEia483oW4MI4VyFd5VNHIgQ/7qm1I0wUHK1eJnn2y2w==

httpie@1.1.2:
  version "1.1.2"
  resolved "https://registry.yarnpkg.com/httpie/-/httpie-1.1.2.tgz#e76a6792c2172446ea6df8805977a6f57bc9615d"
  integrity sha512-VQ82oXG95oY1fQw/XecHuvcFBA+lZQ9Vwj1RfLcO8a7HpDd4cc2ukwpJt+TUlFaLUAzZErylxWu6wclJ1rUhUQ==

mri@^1.1.5:
  version "1.2.0"
  resolved "https://registry.yarnpkg.com/mri/-/mri-1.2.0.tgz#6721480fec2a11a4889861115a48b6cbe7cc8f0b"
  integrity sha512-tzzskb3bG8LvYGFF/mDTpq3jpI6Q9wc3LEmBaghu+DdCssd1FakN7Bc0hVNmEyGq1bq3RgfkCb3cmQLpNPOroA==

prettier@^2.8.1:
  version "2.8.1"
  resolved "https://registry.yarnpkg.com/prettier/-/prettier-2.8.1.tgz#4e1fd11c34e2421bc1da9aea9bd8127cd0a35efc"
  integrity sha512-lqGoSJBQNJidqCHE80vqZJHWHRFoNYsSpP9AjFhlhi9ODCJA541svILes/+/1GM3VaL/abZi7cpFzOpdR9UPKg==

rss-parser@3.6.3:
  version "3.6.3"
  resolved "https://registry.yarnpkg.com/rss-parser/-/rss-parser-3.6.3.tgz#0c2e71ae0e9463a082d5a013b0e939d5a8a6961f"
  integrity sha512-HASaMXqkUUw7mS+Sz780ml3Da3dG4ddIA3FRyXE8ae1KIiiDxG+jzrsNk/bpK1zDrDKe2WztjfQ5MRF323Kg3g==
  dependencies:
    entities "^1.1.1"
    xml2js "^0.4.19"

sax@>=0.6.0:
  version "1.2.4"
  resolved "https://registry.yarnpkg.com/sax/-/sax-1.2.4.tgz#2816234e2378bddc4e5354fab5caa895df7100d9"
  integrity sha512-NqVDv9TpANUjFm0N8uM5GxL36UgKi9/atZw+x7YFnQ8ckwFGKrl4xX4yWtrey3UJm5nP1kUbnYgLopqWNSRhWw==

servbot@0.2.2:
  version "0.2.2"
  resolved "https://registry.yarnpkg.com/servbot/-/servbot-0.2.2.tgz#a70dda7cf2fc9b8e9e890e023af16e387679a1b2"
  integrity sha512-k2lNeSyti0J2/4Kb2hunWjnHyv1gMQq4Hed0EOfIsS82HpfGeNV2ZIsWIQUsnRBKfMc7I6+0o5TfIJ/GbqEg7Q==

watchlist@0.3.1:
  version "0.3.1"
  resolved "https://registry.yarnpkg.com/watchlist/-/watchlist-0.3.1.tgz#23926d0de73634bdf41536526d10f69130199156"
  integrity sha512-m5r4bzxJ9eg07TT/O0Q49imFPD45ZTuQ3kaHwSpUJj1QwVd3pzit4UYOmySdmAP5Egkz6mB6hcAPuPfhIbNo0g==
  dependencies:
    mri "^1.1.5"

xml2js@^0.4.19:
  version "0.4.23"
  resolved "https://registry.yarnpkg.com/xml2js/-/xml2js-0.4.23.tgz#a0c69516752421eb2ac758ee4d4ccf58843eac66"
  integrity sha512-ySPiMjM0+pLDftHgXY4By0uswI3SPKLDw/i3UXbnO8M/p28zqexCUoPmQFrYD+/1BzhGJSs2i1ERWKJAtiLrug==
  dependencies:
    sax ">=0.6.0"
    xmlbuilder "~11.0.0"

xmlbuilder@~11.0.0:
  version "11.0.1"
  resolved "https://registry.yarnpkg.com/xmlbuilder/-/xmlbuilder-11.0.1.tgz#be9bae1c8a046e76b31127726347d0ad7002beb3"
  integrity sha512-fDlsI/kFEx7gLvbecc0/ohLG50fugQp8ryHzMTuW9vSa1GJ0XYWKnhsUx7oie3G98+r56aTQIUB4kht42R3JvA==

yeahjs@0.3.0:
  version "0.3.0"
  resolved "https://registry.yarnpkg.com/yeahjs/-/yeahjs-0.3.0.tgz#6b83e072675214f00446123c282d256026944101"
  integrity sha512-KwbZbQqIZOWurNekBogInNJLXCrYsglwVWL5ZztSaBxjdkWBRWXgYyr2fUtU/NuON/HDqtA9Ny/OQtbaxREGkA==
